
Microsoft Visual Studio Solution File, Format Version 12.00
# Visual Studio 15
VisualStudioVersion = 15.0.28010.2036
MinimumVisualStudioVersion = 10.0.40219.1
Project("{FAE04EC0-301F-11D3-BF4B-00C04F79EFBC}") = "CastAjansCore.Entity", "CastAjansCore.Entity\CastAjansCore.Entity.csproj", "{D3DD2888-8F34-483E-A35E-03D6D35E71E1}"
EndProject
Project("{FAE04EC0-301F-11D3-BF4B-00C04F79EFBC}") = "CastAjansCore.Dto", "CastAjansCore.Dto\CastAjansCore.Dto.csproj", "{5E4ED3CA-7563-421A-9F33-327FF5C8801E}"
EndProject
Project("{FAE04EC0-301F-11D3-BF4B-00C04F79EFBC}") = "CastAjansCore.WebUI", "CastAjansCore.WebUI\CastAjansCore.WebUI.csproj", "{79CBD4AA-32D1-4755-8B43-1F5F748BA2D6}"
EndProject
Global
	GlobalSection(SolutionConfigurationPlatforms) = preSolution
		Debug|Any CPU = Debug|Any CPU
		Release|Any CPU = Release|Any CPU
	EndGlobalSection
	GlobalSection(ProjectConfigurationPlatforms) = postSolution
		{D3DD2888-8F34-483E-A35E-03D6D35E71E1}.Debug|Any CPU.ActiveCfg = Debug|Any CPU
		{D3DD2888-8F34-483E-A35E-03D6D35E71E1}.Debug|Any CPU.Build.0 = Debug|Any CPU
		{D3DD2888-8F34-483E-A35E-03D6D35E71E1}.Release|Any CPU.ActiveCfg = Release|Any CPU
		{D3DD2888-8F34-483E-A35E-03D6D35E71E1}.Release|Any CPU.Build.0 = Release|Any CPU
		{5E4ED3CA-7563-421A-9F33-327FF5C8801E}.Debug|Any CPU.ActiveCfg = Debug|Any CPU
		{5E4ED3CA-7563-421A-9F33-327FF5C8801E}.Debug|Any CPU.Build.0 = Debug|Any CPU
		{5E4ED3CA-7563-421A-9F33-327FF5C8801E}.Release|Any CPU.ActiveCfg = Release|Any CPU
		{5E4ED3CA-7563-421A-9F33-327FF5C8801E}.Release|Any CPU.Build.0 = Release|Any CPU
		{79CBD4AA-32D1-4755-8B43-1F5F748BA2D6}.Debug|Any CPU.ActiveCfg = Debug|Any CPU
		{79CBD4AA-32D1-4755-8B43-1F5F748BA2D6}.Debug|Any CPU.Build.0 = Debug|Any CPU
		{79CBD4AA-32D1-4755-8B43-1F5F748BA2D6}.Release|Any CPU.ActiveCfg = Release|Any CPU
		{79CBD4AA-32D1-4755-8B43-1F5F748BA2D6}.Release|Any CPU.Build.0 = Release|Any CPU
	EndGlobalSection
	GlobalSection(SolutionProperties) = preSolution
		HideSolutionNode = FALSE
	EndGlobalSection
	GlobalSection(ExtensibilityGlobals) = postSolution
		SolutionGuid = {86FE4655-F305-4B07-9340-D6AB43A9F688}
	EndGlobalSection
EndGlobal
